
Microsoft Visual Studio Solution File, Format Version 12.00
# Visual Studio Version 17
VisualStudioVersion = 17.8.34316.72
MinimumVisualStudioVersion = 10.0.40219.1
Project("{9A19103F-16F7-4668-BE54-9A1E7A4F7556}") = "ApiWithDapper", "ApiWithDapper\ApiWithDapper.csproj", "{C6F665FD-FC22-4D48-831A-DD97A00972BF}"
EndProject
Project("{FAE04EC0-301F-11D3-BF4B-00C04F79EFBC}") = "ApiWithDapperModels", "ApiWithDapperModels\ApiWithDapperModels.csproj", "{F74CA553-FBCE-4F76-8645-DE05D53C38C5}"
EndProject
Project("{FAE04EC0-301F-11D3-BF4B-00C04F79EFBC}") = "ApiWithDapperRepositories", "ApiWithDapperRepositories\ApiWithDapperRepositories.csproj", "{A8409606-16F4-43A3-9037-79F179F57808}"
EndProject
Global
	GlobalSection(SolutionConfigurationPlatforms) = preSolution
		Debug|Any CPU = Debug|Any CPU
		Release|Any CPU = Release|Any CPU
	EndGlobalSection
	GlobalSection(ProjectConfigurationPlatforms) = postSolution
		{C6F665FD-FC22-4D48-831A-DD97A00972BF}.Debug|Any CPU.ActiveCfg = Debug|Any CPU
		{C6F665FD-FC22-4D48-831A-DD97A00972BF}.Debug|Any CPU.Build.0 = Debug|Any CPU
		{C6F665FD-FC22-4D48-831A-DD97A00972BF}.Release|Any CPU.ActiveCfg = Release|Any CPU
		{C6F665FD-FC22-4D48-831A-DD97A00972BF}.Release|Any CPU.Build.0 = Release|Any CPU
		{F74CA553-FBCE-4F76-8645-DE05D53C38C5}.Debug|Any CPU.ActiveCfg = Debug|Any CPU
		{F74CA553-FBCE-4F76-8645-DE05D53C38C5}.Debug|Any CPU.Build.0 = Debug|Any CPU
		{F74CA553-FBCE-4F76-8645-DE05D53C38C5}.Release|Any CPU.ActiveCfg = Release|Any CPU
		{F74CA553-FBCE-4F76-8645-DE05D53C38C5}.Release|Any CPU.Build.0 = Release|Any CPU
		{A8409606-16F4-43A3-9037-79F179F57808}.Debug|Any CPU.ActiveCfg = Debug|Any CPU
		{A8409606-16F4-43A3-9037-79F179F57808}.Debug|Any CPU.Build.0 = Debug|Any CPU
		{A8409606-16F4-43A3-9037-79F179F57808}.Release|Any CPU.ActiveCfg = Release|Any CPU
		{A8409606-16F4-43A3-9037-79F179F57808}.Release|Any CPU.Build.0 = Release|Any CPU
	EndGlobalSection
	GlobalSection(SolutionProperties) = preSolution
		HideSolutionNode = FALSE
	EndGlobalSection
	GlobalSection(ExtensibilityGlobals) = postSolution
		SolutionGuid = {9E619EBC-28ED-4C72-BA46-C15662244367}
	EndGlobalSection
EndGlobal
